{
  "name": "b9_5_1_sf_task",
  "version": "1.0.0",
  "lockfileVersion": 2,
  "requires": true,
  "packages": {
    "": {
      "name": "b9_5_1_sf_task",
      "version": "1.0.0",
      "license": "ISC",
      "dependencies": {
        "b9_5_1_sf_task": "^1.0.0"
      }
    },
    "node_modules/b9_5_1_sf_task": {
      "version": "1.0.0",
      "resolved": "https://registry.npmjs.org/b9_5_1_sf_task/-/b9_5_1_sf_task-1.0.0.tgz",
      "integrity": "sha512-6vcgnsSIYwSkKtOOiLM2GutuGWHLaRG3vYHBUk7oqdrzPeHTVuLEWLTPqLDF5a4ZeWLUYCKbbQSEtk1FM0otsA=="
    }
  },
  "dependencies": {
    "b9_5_1_sf_task": {
      "version": "1.0.0",
      "resolved": "https://registry.npmjs.org/b9_5_1_sf_task/-/b9_5_1_sf_task-1.0.0.tgz",
      "integrity": "sha512-6vcgnsSIYwSkKtOOiLM2GutuGWHLaRG3vYHBUk7oqdrzPeHTVuLEWLTPqLDF5a4ZeWLUYCKbbQSEtk1FM0otsA=="
    }
  }
}
